// !$*UTF8*$!
{
	archiveVersion = 1;
	classes = {
	};
	objectVersion = 46;
	objects = {

/* Begin PBXBuildFile section */
		1E0289DB144EF32200B6B6D5 /* Foundation.framework in Frameworks */ = {isa = PBXBuildFile; fileRef = 1E0289DA144EF32200B6B6D5 /* Foundation.framework */; };
		1E0289ED144EF38B00B6B6D5 /* Prefix.pch in Headers */ = {isa = PBXBuildFile; fileRef = 1E0289EC144EF38B00B6B6D5 /* Prefix.pch */; };
		1E028A01144EF39800B6B6D5 /* UIImage+Blurring.h in Headers */ = {isa = PBXBuildFile; fileRef = 1E0289EF144EF39800B6B6D5 /* UIImage+Blurring.h */; settings = {ATTRIBUTES = (Public, ); }; };
		1E028A02144EF39800B6B6D5 /* UIImage+Blurring.m in Sources */ = {isa = PBXBuildFile; fileRef = 1E0289F0144EF39800B6B6D5 /* UIImage+Blurring.m */; };
		1E028A03144EF39800B6B6D5 /* UIImage+Filtering.h in Headers */ = {isa = PBXBuildFile; fileRef = 1E0289F1144EF39800B6B6D5 /* UIImage+Filtering.h */; settings = {ATTRIBUTES = (Public, ); }; };
		1E028A04144EF39800B6B6D5 /* UIImage+Filtering.m in Sources */ = {isa = PBXBuildFile; fileRef = 1E0289F2144EF39800B6B6D5 /* UIImage+Filtering.m */; };
		1E028A05144EF39800B6B6D5 /* UIImage+Masking.h in Headers */ = {isa = PBXBuildFile; fileRef = 1E0289F3144EF39800B6B6D5 /* UIImage+Masking.h */; settings = {ATTRIBUTES = (Public, ); }; };
		1E028A06144EF39800B6B6D5 /* UIImage+Masking.m in Sources */ = {isa = PBXBuildFile; fileRef = 1E0289F4144EF39800B6B6D5 /* UIImage+Masking.m */; };
		1E028A07144EF39800B6B6D5 /* UIImage+Reflection.h in Headers */ = {isa = PBXBuildFile; fileRef = 1E0289F5144EF39800B6B6D5 /* UIImage+Reflection.h */; settings = {ATTRIBUTES = (Public, ); }; };
		1E028A08144EF39800B6B6D5 /* UIImage+Reflection.m in Sources */ = {isa = PBXBuildFile; fileRef = 1E0289F6144EF39800B6B6D5 /* UIImage+Reflection.m */; };
		1E028A09144EF39800B6B6D5 /* UIImage+Resizing.h in Headers */ = {isa = PBXBuildFile; fileRef = 1E0289F7144EF39800B6B6D5 /* UIImage+Resizing.h */; settings = {ATTRIBUTES = (Public, ); }; };
		1E028A0A144EF39800B6B6D5 /* UIImage+Resizing.m in Sources */ = {isa = PBXBuildFile; fileRef = 1E0289F8144EF39800B6B6D5 /* UIImage+Resizing.m */; };
		1E028A0B144EF39800B6B6D5 /* UIImage+Rotating.h in Headers */ = {isa = PBXBuildFile; fileRef = 1E0289F9144EF39800B6B6D5 /* UIImage+Rotating.h */; settings = {ATTRIBUTES = (Public, ); }; };
		1E028A0C144EF39800B6B6D5 /* UIImage+Rotating.m in Sources */ = {isa = PBXBuildFile; fileRef = 1E0289FA144EF39800B6B6D5 /* UIImage+Rotating.m */; };
		1E028A0D144EF39800B6B6D5 /* UIImage+Saving.h in Headers */ = {isa = PBXBuildFile; fileRef = 1E0289FB144EF39800B6B6D5 /* UIImage+Saving.h */; settings = {ATTRIBUTES = (Public, ); }; };
		1E028A0E144EF39800B6B6D5 /* UIImage+Saving.m in Sources */ = {isa = PBXBuildFile; fileRef = 1E0289FC144EF39800B6B6D5 /* UIImage+Saving.m */; };
		1E028A0F144EF39800B6B6D5 /* NYXImagesHelper.h in Headers */ = {isa = PBXBuildFile; fileRef = 1E0289FE144EF39800B6B6D5 /* NYXImagesHelper.h */; settings = {ATTRIBUTES = (Public, ); }; };
		1E028A10144EF39800B6B6D5 /* NYXImagesHelper.m in Sources */ = {isa = PBXBuildFile; fileRef = 1E0289FF144EF39800B6B6D5 /* NYXImagesHelper.m */; };
		1E028A11144EF39800B6B6D5 /* NYXImagesKit.h in Headers */ = {isa = PBXBuildFile; fileRef = 1E028A00144EF39800B6B6D5 /* NYXImagesKit.h */; settings = {ATTRIBUTES = (Public, ); }; };
		1E028A13144EF3AA00B6B6D5 /* QuartzCore.framework in Frameworks */ = {isa = PBXBuildFile; fileRef = 1E028A12144EF3AA00B6B6D5 /* QuartzCore.framework */; };
		1E028A15144EF3AF00B6B6D5 /* ImageIO.framework in Frameworks */ = {isa = PBXBuildFile; fileRef = 1E028A14144EF3AF00B6B6D5 /* ImageIO.framework */; };
		1E028A17144EF3B500B6B6D5 /* MobileCoreServices.framework in Frameworks */ = {isa = PBXBuildFile; fileRef = 1E028A16144EF3B500B6B6D5 /* MobileCoreServices.framework */; };
		1E028A19144EF41000B6B6D5 /* UIKit.framework in Frameworks */ = {isa = PBXBuildFile; fileRef = 1E028A18144EF41000B6B6D5 /* UIKit.framework */; };
		1E30CA89148E57CB00106BF8 /* Accelerate.framework in Frameworks */ = {isa = PBXBuildFile; fileRef = 1E30CA88148E57CA00106BF8 /* Accelerate.framework */; settings = {ATTRIBUTES = (Required, ); }; };
		1E53F0E41486C3FF00BD33AD /* CoreImage.framework in Frameworks */ = {isa = PBXBuildFile; fileRef = 1E53F0E31486C3FF00BD33AD /* CoreImage.framework */; settings = {ATTRIBUTES = (Weak, ); }; };
		1E9BA7B314C0B0EF0072A0FB /* NYXProgressiveImageView.h in Headers */ = {isa = PBXBuildFile; fileRef = 1E9BA7B114C0B0EF0072A0FB /* NYXProgressiveImageView.h */; settings = {ATTRIBUTES = (Public, ); }; };
		1E9BA7B414C0B0EF0072A0FB /* NYXProgressiveImageView.m in Sources */ = {isa = PBXBuildFile; fileRef = 1E9BA7B214C0B0EF0072A0FB /* NYXProgressiveImageView.m */; };
		1EED6787148A314B00B71186 /* UIImage+Enhancing.h in Headers */ = {isa = PBXBuildFile; fileRef = 1EED6785148A314B00B71186 /* UIImage+Enhancing.h */; settings = {ATTRIBUTES = (Public, ); }; };
		1EED6788148A314B00B71186 /* UIImage+Enhancing.m in Sources */ = {isa = PBXBuildFile; fileRef = 1EED6786148A314B00B71186 /* UIImage+Enhancing.m */; };
		1EF44D4F17058586005F335C /* UIView+Screenshot.h in Headers */ = {isa = PBXBuildFile; fileRef = 1EF44D4D17058586005F335C /* UIView+Screenshot.h */; };
		1EF44D5017058586005F335C /* UIView+Screenshot.m in Sources */ = {isa = PBXBuildFile; fileRef = 1EF44D4E17058586005F335C /* UIView+Screenshot.m */; };
		1EF44D5317058627005F335C /* UIScrollView+Screenshot.h in Headers */ = {isa = PBXBuildFile; fileRef = 1EF44D5117058627005F335C /* UIScrollView+Screenshot.h */; };
		1EF44D5417058627005F335C /* UIScrollView+Screenshot.m in Sources */ = {isa = PBXBuildFile; fileRef = 1EF44D5217058627005F335C /* UIScrollView+Screenshot.m */; };
/* End PBXBuildFile section */

/* Begin PBXFileReference section */
		1E0289D7144EF32200B6B6D5 /* libNYXImagesKit.a */ = {isa = PBXFileReference; explicitFileType = archive.ar; includeInIndex = 0; path = libNYXImagesKit.a; sourceTree = BUILT_PRODUCTS_DIR; };
		1E0289DA144EF32200B6B6D5 /* Foundation.framework */ = {isa = PBXFileReference; lastKnownFileType = wrapper.framework; name = Foundation.framework; path = System/Library/Frameworks/Foundation.framework; sourceTree = SDKROOT; };
		1E0289EC144EF38B00B6B6D5 /* Prefix.pch */ = {isa = PBXFileReference; fileEncoding = 4; lastKnownFileType = sourcecode.c.h; name = Prefix.pch; path = "Other Sources/Prefix.pch"; sourceTree = "<group>"; };
		1E0289EF144EF39800B6B6D5 /* UIImage+Blurring.h */ = {isa = PBXFileReference; fileEncoding = 4; lastKnownFileType = sourcecode.c.h; path = "UIImage+Blurring.h"; sourceTree = "<group>"; };
		1E0289F0144EF39800B6B6D5 /* UIImage+Blurring.m */ = {isa = PBXFileReference; fileEncoding = 4; lastKnownFileType = sourcecode.c.objc; path = "UIImage+Blurring.m"; sourceTree = "<group>"; };
		1E0289F1144EF39800B6B6D5 /* UIImage+Filtering.h */ = {isa = PBXFileReference; fileEncoding = 4; lastKnownFileType = sourcecode.c.h; path = "UIImage+Filtering.h"; sourceTree = "<group>"; };
		1E0289F2144EF39800B6B6D5 /* UIImage+Filtering.m */ = {isa = PBXFileReference; fileEncoding = 4; lastKnownFileType = sourcecode.c.objc; path = "UIImage+Filtering.m"; sourceTree = "<group>"; };
		1E0289F3144EF39800B6B6D5 /* UIImage+Masking.h */ = {isa = PBXFileReference; fileEncoding = 4; lastKnownFileType = sourcecode.c.h; path = "UIImage+Masking.h"; sourceTree = "<group>"; };
		1E0289F4144EF39800B6B6D5 /* UIImage+Masking.m */ = {isa = PBXFileReference; fileEncoding = 4; lastKnownFileType = sourcecode.c.objc; path = "UIImage+Masking.m"; sourceTree = "<group>"; };
		1E0289F5144EF39800B6B6D5 /* UIImage+Reflection.h */ = {isa = PBXFileReference; fileEncoding = 4; lastKnownFileType = sourcecode.c.h; path = "UIImage+Reflection.h"; sourceTree = "<group>"; };
		1E0289F6144EF39800B6B6D5 /* UIImage+Reflection.m */ = {isa = PBXFileReference; fileEncoding = 4; lastKnownFileType = sourcecode.c.objc; path = "UIImage+Reflection.m"; sourceTree = "<group>"; };
		1E0289F7144EF39800B6B6D5 /* UIImage+Resizing.h */ = {isa = PBXFileReference; fileEncoding = 4; lastKnownFileType = sourcecode.c.h; path = "UIImage+Resizing.h"; sourceTree = "<group>"; };
		1E0289F8144EF39800B6B6D5 /* UIImage+Resizing.m */ = {isa = PBXFileReference; fileEncoding = 4; lastKnownFileType = sourcecode.c.objc; path = "UIImage+Resizing.m"; sourceTree = "<group>"; };
		1E0289F9144EF39800B6B6D5 /* UIImage+Rotating.h */ = {isa = PBXFileReference; fileEncoding = 4; lastKnownFileType = sourcecode.c.h; path = "UIImage+Rotating.h"; sourceTree = "<group>"; };
		1E0289FA144EF39800B6B6D5 /* UIImage+Rotating.m */ = {isa = PBXFileReference; fileEncoding = 4; lastKnownFileType = sourcecode.c.objc; path = "UIImage+Rotating.m"; sourceTree = "<group>"; };
		1E0289FB144EF39800B6B6D5 /* UIImage+Saving.h */ = {isa = PBXFileReference; fileEncoding = 4; lastKnownFileType = sourcecode.c.h; path = "UIImage+Saving.h"; sourceTree = "<group>"; };
		1E0289FC144EF39800B6B6D5 /* UIImage+Saving.m */ = {isa = PBXFileReference; fileEncoding = 4; lastKnownFileType = sourcecode.c.objc; path = "UIImage+Saving.m"; sourceTree = "<group>"; };
		1E0289FE144EF39800B6B6D5 /* NYXImagesHelper.h */ = {isa = PBXFileReference; fileEncoding = 4; lastKnownFileType = sourcecode.c.h; path = NYXImagesHelper.h; sourceTree = "<group>"; };
		1E0289FF144EF39800B6B6D5 /* NYXImagesHelper.m */ = {isa = PBXFileReference; fileEncoding = 4; lastKnownFileType = sourcecode.c.objc; path = NYXImagesHelper.m; sourceTree = "<group>"; };
		1E028A00144EF39800B6B6D5 /* NYXImagesKit.h */ = {isa = PBXFileReference; fileEncoding = 4; lastKnownFileType = sourcecode.c.h; path = NYXImagesKit.h; sourceTree = "<group>"; };
		1E028A12144EF3AA00B6B6D5 /* QuartzCore.framework */ = {isa = PBXFileReference; lastKnownFileType = wrapper.framework; name = QuartzCore.framework; path = System/Library/Frameworks/QuartzCore.framework; sourceTree = SDKROOT; };
		1E028A14144EF3AF00B6B6D5 /* ImageIO.framework */ = {isa = PBXFileReference; lastKnownFileType = wrapper.framework; name = ImageIO.framework; path = System/Library/Frameworks/ImageIO.framework; sourceTree = SDKROOT; };
		1E028A16144EF3B500B6B6D5 /* MobileCoreServices.framework */ = {isa = PBXFileReference; lastKnownFileType = wrapper.framework; name = MobileCoreServices.framework; path = System/Library/Frameworks/MobileCoreServices.framework; sourceTree = SDKROOT; };
		1E028A18144EF41000B6B6D5 /* UIKit.framework */ = {isa = PBXFileReference; lastKnownFileType = wrapper.framework; name = UIKit.framework; path = System/Library/Frameworks/UIKit.framework; sourceTree = SDKROOT; };
		1E30CA88148E57CA00106BF8 /* Accelerate.framework */ = {isa = PBXFileReference; lastKnownFileType = wrapper.framework; name = Accelerate.framework; path = System/Library/Frameworks/Accelerate.framework; sourceTree = SDKROOT; };
		1E53F0E31486C3FF00BD33AD /* CoreImage.framework */ = {isa = PBXFileReference; lastKnownFileType = wrapper.framework; name = CoreImage.framework; path = System/Library/Frameworks/CoreImage.framework; sourceTree = SDKROOT; };
		1E9BA7B114C0B0EF0072A0FB /* NYXProgressiveImageView.h */ = {isa = PBXFileReference; fileEncoding = 4; lastKnownFileType = sourcecode.c.h; path = NYXProgressiveImageView.h; sourceTree = "<group>"; };
		1E9BA7B214C0B0EF0072A0FB /* NYXProgressiveImageView.m */ = {isa = PBXFileReference; fileEncoding = 4; lastKnownFileType = sourcecode.c.objc; path = NYXProgressiveImageView.m; sourceTree = "<group>"; };
		1EED6785148A314B00B71186 /* UIImage+Enhancing.h */ = {isa = PBXFileReference; fileEncoding = 4; lastKnownFileType = sourcecode.c.h; path = "UIImage+Enhancing.h"; sourceTree = "<group>"; };
		1EED6786148A314B00B71186 /* UIImage+Enhancing.m */ = {isa = PBXFileReference; fileEncoding = 4; lastKnownFileType = sourcecode.c.objc; path = "UIImage+Enhancing.m"; sourceTree = "<group>"; };
		1EF44D4D17058586005F335C /* UIView+Screenshot.h */ = {isa = PBXFileReference; fileEncoding = 4; lastKnownFileType = sourcecode.c.h; path = "UIView+Screenshot.h"; sourceTree = "<group>"; };
		1EF44D4E17058586005F335C /* UIView+Screenshot.m */ = {isa = PBXFileReference; fileEncoding = 4; lastKnownFileType = sourcecode.c.objc; path = "UIView+Screenshot.m"; sourceTree = "<group>"; };
		1EF44D5117058627005F335C /* UIScrollView+Screenshot.h */ = {isa = PBXFileReference; fileEncoding = 4; lastKnownFileType = sourcecode.c.h; path = "UIScrollView+Screenshot.h"; sourceTree = "<group>"; };
		1EF44D5217058627005F335C /* UIScrollView+Screenshot.m */ = {isa = PBXFileReference; fileEncoding = 4; lastKnownFileType = sourcecode.c.objc; path = "UIScrollView+Screenshot.m"; sourceTree = "<group>"; };
/* End PBXFileReference section */

/* Begin PBXFrameworksBuildPhase section */
		1E0289D4144EF32200B6B6D5 /* Frameworks */ = {
			isa = PBXFrameworksBuildPhase;
			buildActionMask = 2147483647;
			files = (
				1E30CA89148E57CB00106BF8 /* Accelerate.framework in Frameworks */,
				1E53F0E41486C3FF00BD33AD /* CoreImage.framework in Frameworks */,
				1E028A19144EF41000B6B6D5 /* UIKit.framework in Frameworks */,
				1E028A17144EF3B500B6B6D5 /* MobileCoreServices.framework in Frameworks */,
				1E028A15144EF3AF00B6B6D5 /* ImageIO.framework in Frameworks */,
				1E028A13144EF3AA00B6B6D5 /* QuartzCore.framework in Frameworks */,
				1E0289DB144EF32200B6B6D5 /* Foundation.framework in Frameworks */,
			);
			runOnlyForDeploymentPostprocessing = 0;
		};
/* End PBXFrameworksBuildPhase section */

/* Begin PBXGroup section */
		1E0289CC144EF32200B6B6D5 = {
			isa = PBXGroup;
			children = (
				1E0289FD144EF39800B6B6D5 /* Helper */,
				1E9BA7B014C0B0EF0072A0FB /* Classes */,
				1E0289EE144EF39800B6B6D5 /* Categories */,
				1E0289EB144EF37F00B6B6D5 /* Other Sources */,
				1E0289D9144EF32200B6B6D5 /* Frameworks */,
				1E0289D8144EF32200B6B6D5 /* Products */,
			);
			sourceTree = "<group>";
		};
		1E0289D8144EF32200B6B6D5 /* Products */ = {
			isa = PBXGroup;
			children = (
				1E0289D7144EF32200B6B6D5 /* libNYXImagesKit.a */,
			);
			name = Products;
			sourceTree = "<group>";
		};
		1E0289D9144EF32200B6B6D5 /* Frameworks */ = {
			isa = PBXGroup;
			children = (
				1E30CA88148E57CA00106BF8 /* Accelerate.framework */,
				1E53F0E31486C3FF00BD33AD /* CoreImage.framework */,
				1E028A18144EF41000B6B6D5 /* UIKit.framework */,
				1E028A16144EF3B500B6B6D5 /* MobileCoreServices.framework */,
				1E028A14144EF3AF00B6B6D5 /* ImageIO.framework */,
				1E028A12144EF3AA00B6B6D5 /* QuartzCore.framework */,
				1E0289DA144EF32200B6B6D5 /* Foundation.framework */,
			);
			name = Frameworks;
			sourceTree = "<group>";
		};
		1E0289EB144EF37F00B6B6D5 /* Other Sources */ = {
			isa = PBXGroup;
			children = (
				1E0289EC144EF38B00B6B6D5 /* Prefix.pch */,
			);
			name = "Other Sources";
			sourceTree = "<group>";
		};
		1E0289EE144EF39800B6B6D5 /* Categories */ = {
			isa = PBXGroup;
			children = (
				1E0289EF144EF39800B6B6D5 /* UIImage+Blurring.h */,
				1E0289F0144EF39800B6B6D5 /* UIImage+Blurring.m */,
				1EED6785148A314B00B71186 /* UIImage+Enhancing.h */,
				1EED6786148A314B00B71186 /* UIImage+Enhancing.m */,
				1E0289F1144EF39800B6B6D5 /* UIImage+Filtering.h */,
				1E0289F2144EF39800B6B6D5 /* UIImage+Filtering.m */,
				1E0289F3144EF39800B6B6D5 /* UIImage+Masking.h */,
				1E0289F4144EF39800B6B6D5 /* UIImage+Masking.m */,
				1E0289F5144EF39800B6B6D5 /* UIImage+Reflection.h */,
				1E0289F6144EF39800B6B6D5 /* UIImage+Reflection.m */,
				1E0289F7144EF39800B6B6D5 /* UIImage+Resizing.h */,
				1E0289F8144EF39800B6B6D5 /* UIImage+Resizing.m */,
				1E0289F9144EF39800B6B6D5 /* UIImage+Rotating.h */,
				1E0289FA144EF39800B6B6D5 /* UIImage+Rotating.m */,
				1E0289FB144EF39800B6B6D5 /* UIImage+Saving.h */,
				1E0289FC144EF39800B6B6D5 /* UIImage+Saving.m */,
				1EF44D4D17058586005F335C /* UIView+Screenshot.h */,
				1EF44D4E17058586005F335C /* UIView+Screenshot.m */,
				1EF44D5117058627005F335C /* UIScrollView+Screenshot.h */,
				1EF44D5217058627005F335C /* UIScrollView+Screenshot.m */,
			);
			path = Categories;
			sourceTree = "<group>";
		};
		1E0289FD144EF39800B6B6D5 /* Helper */ = {
			isa = PBXGroup;
			children = (
				1E0289FE144EF39800B6B6D5 /* NYXImagesHelper.h */,
				1E0289FF144EF39800B6B6D5 /* NYXImagesHelper.m */,
				1E028A00144EF39800B6B6D5 /* NYXImagesKit.h */,
			);
			path = Helper;
			sourceTree = "<group>";
		};
		1E9BA7B014C0B0EF0072A0FB /* Classes */ = {
			isa = PBXGroup;
			children = (
				1E9BA7B114C0B0EF0072A0FB /* NYXProgressiveImageView.h */,
				1E9BA7B214C0B0EF0072A0FB /* NYXProgressiveImageView.m */,
			);
			path = Classes;
			sourceTree = "<group>";
		};
/* End PBXGroup section */

/* Begin PBXHeadersBuildPhase section */
		1E0289D5144EF32200B6B6D5 /* Headers */ = {
			isa = PBXHeadersBuildPhase;
			buildActionMask = 2147483647;
			files = (
				1E028A11144EF39800B6B6D5 /* NYXImagesKit.h in Headers */,
				1E028A01144EF39800B6B6D5 /* UIImage+Blurring.h in Headers */,
				1E028A03144EF39800B6B6D5 /* UIImage+Filtering.h in Headers */,
				1E028A05144EF39800B6B6D5 /* UIImage+Masking.h in Headers */,
				1E028A07144EF39800B6B6D5 /* UIImage+Reflection.h in Headers */,
				1E028A09144EF39800B6B6D5 /* UIImage+Resizing.h in Headers */,
				1E028A0B144EF39800B6B6D5 /* UIImage+Rotating.h in Headers */,
				1E028A0D144EF39800B6B6D5 /* UIImage+Saving.h in Headers */,
				1EED6787148A314B00B71186 /* UIImage+Enhancing.h in Headers */,
				1E9BA7B314C0B0EF0072A0FB /* NYXProgressiveImageView.h in Headers */,
				1E028A0F144EF39800B6B6D5 /* NYXImagesHelper.h in Headers */,
				1E0289ED144EF38B00B6B6D5 /* Prefix.pch in Headers */,
				1EF44D4F17058586005F335C /* UIView+Screenshot.h in Headers */,
				1EF44D5317058627005F335C /* UIScrollView+Screenshot.h in Headers */,
			);
			runOnlyForDeploymentPostprocessing = 0;
		};
/* End PBXHeadersBuildPhase section */

/* Begin PBXNativeTarget section */
		1E0289D6144EF32200B6B6D5 /* NYXImagesKit */ = {
			isa = PBXNativeTarget;
			buildConfigurationList = 1E0289E4144EF32200B6B6D5 /* Build configuration list for PBXNativeTarget "NYXImagesKit" */;
			buildPhases = (
				1E0289D3144EF32200B6B6D5 /* Sources */,
				1E0289D4144EF32200B6B6D5 /* Frameworks */,
				1E0289D5144EF32200B6B6D5 /* Headers */,
			);
			buildRules = (
			);
			dependencies = (
			);
			name = NYXImagesKit;
			productName = NYXImagesUtilities;
			productReference = 1E0289D7144EF32200B6B6D5 /* libNYXImagesKit.a */;
			productType = "com.apple.product-type.library.static";
		};
/* End PBXNativeTarget section */

/* Begin PBXProject section */
		1E0289CE144EF32200B6B6D5 /* Project object */ = {
			isa = PBXProject;
			attributes = {
				LastUpgradeCheck = 0460;
				ORGANIZATIONNAME = MacGeneration;
			};
			buildConfigurationList = 1E0289D1144EF32200B6B6D5 /* Build configuration list for PBXProject "NYXImagesKit" */;
			compatibilityVersion = "Xcode 3.2";
			developmentRegion = English;
			hasScannedForEncodings = 0;
			knownRegions = (
				en,
			);
			mainGroup = 1E0289CC144EF32200B6B6D5;
			productRefGroup = 1E0289D8144EF32200B6B6D5 /* Products */;
			projectDirPath = "";
			projectRoot = "";
			targets = (
				1E0289D6144EF32200B6B6D5 /* NYXImagesKit */,
			);
		};
/* End PBXProject section */

/* Begin PBXSourcesBuildPhase section */
		1E0289D3144EF32200B6B6D5 /* Sources */ = {
			isa = PBXSourcesBuildPhase;
			buildActionMask = 2147483647;
			files = (
				1E028A02144EF39800B6B6D5 /* UIImage+Blurring.m in Sources */,
				1E028A04144EF39800B6B6D5 /* UIImage+Filtering.m in Sources */,
				1E028A06144EF39800B6B6D5 /* UIImage+Masking.m in Sources */,
				1E028A08144EF39800B6B6D5 /* UIImage+Reflection.m in Sources */,
				1E028A0A144EF39800B6B6D5 /* UIImage+Resizing.m in Sources */,
				1E028A0C144EF39800B6B6D5 /* UIImage+Rotating.m in Sources */,
				1E028A0E144EF39800B6B6D5 /* UIImage+Saving.m in Sources */,
				1E028A10144EF39800B6B6D5 /* NYXImagesHelper.m in Sources */,
				1EED6788148A314B00B71186 /* UIImage+Enhancing.m in Sources */,
				1E9BA7B414C0B0EF0072A0FB /* NYXProgressiveImageView.m in Sources */,
				1EF44D5017058586005F335C /* UIView+Screenshot.m in Sources */,
				1EF44D5417058627005F335C /* UIScrollView+Screenshot.m in Sources */,
			);
			runOnlyForDeploymentPostprocessing = 0;
		};
/* End PBXSourcesBuildPhase section */

/* Begin XCBuildConfiguration section */
		1E0289E2144EF32200B6B6D5 /* Debug */ = {
			isa = XCBuildConfiguration;
			buildSettings = {
				ALWAYS_SEARCH_USER_PATHS = NO;
				ARCHS = "$(ARCHS_STANDARD_32_BIT)";
				CLANG_ENABLE_OBJC_ARC = YES;
				CLANG_WARN_CONSTANT_CONVERSION = YES;
				CLANG_WARN_DEPRECATED_OBJC_IMPLEMENTATIONS = YES;
				CLANG_WARN_EMPTY_BODY = YES;
				CLANG_WARN_ENUM_CONVERSION = YES;
				CLANG_WARN_IMPLICIT_SIGN_CONVERSION = YES;
				CLANG_WARN_INT_CONVERSION = YES;
				CLANG_WARN_SUSPICIOUS_IMPLICIT_CONVERSION = YES;
				CLANG_WARN__DUPLICATE_METHOD_MATCH = YES;
				COPY_PHASE_STRIP = NO;
				GCC_C_LANGUAGE_STANDARD = gnu99;
				GCC_DYNAMIC_NO_PIC = NO;
				GCC_OPTIMIZATION_LEVEL = 0;
				GCC_PREPROCESSOR_DEFINITIONS = (
					"DEBUG=1",
					"$(inherited)",
				);
				GCC_SYMBOLS_PRIVATE_EXTERN = NO;
				GCC_VERSION = com.apple.compilers.llvm.clang.1_0;
				GCC_WARN_ABOUT_MISSING_FIELD_INITIALIZERS = YES;
				GCC_WARN_ABOUT_MISSING_NEWLINE = YES;
				GCC_WARN_ABOUT_MISSING_PROTOTYPES = YES;
				GCC_WARN_ABOUT_RETURN_TYPE = YES;
				GCC_WARN_INITIALIZER_NOT_FULLY_BRACKETED = YES;
				GCC_WARN_MULTIPLE_DEFINITION_TYPES_FOR_SELECTOR = YES;
				GCC_WARN_SHADOW = YES;
				GCC_WARN_SIGN_COMPARE = YES;
				GCC_WARN_UNINITIALIZED_AUTOS = YES;
				GCC_WARN_UNKNOWN_PRAGMAS = YES;
				GCC_WARN_UNUSED_FUNCTION = YES;
				GCC_WARN_UNUSED_LABEL = YES;
				GCC_WARN_UNUSED_PARAMETER = YES;
				GCC_WARN_UNUSED_VARIABLE = YES;
				IPHONEOS_DEPLOYMENT_TARGET = 5.1;
				SDKROOT = iphoneos;
			};
			name = Debug;
		};
		1E0289E3144EF32200B6B6D5 /* Release */ = {
			isa = XCBuildConfiguration;
			buildSettings = {
				ALWAYS_SEARCH_USER_PATHS = NO;
				ARCHS = "$(ARCHS_STANDARD_32_BIT)";
				CLANG_ENABLE_OBJC_ARC = YES;
				CLANG_WARN_CONSTANT_CONVERSION = YES;
				CLANG_WARN_DEPRECATED_OBJC_IMPLEMENTATIONS = YES;
				CLANG_WARN_EMPTY_BODY = YES;
				CLANG_WARN_ENUM_CONVERSION = YES;
				CLANG_WARN_IMPLICIT_SIGN_CONVERSION = YES;
				CLANG_WARN_INT_CONVERSION = YES;
				CLANG_WARN_SUSPICIOUS_IMPLICIT_CONVERSION = YES;
				CLANG_WARN__DUPLICATE_METHOD_MATCH = YES;
				COPY_PHASE_STRIP = YES;
				GCC_C_LANGUAGE_STANDARD = gnu99;
				GCC_VERSION = com.apple.compilers.llvm.clang.1_0;
				GCC_WARN_ABOUT_MISSING_FIELD_INITIALIZERS = YES;
				GCC_WARN_ABOUT_MISSING_NEWLINE = YES;
				GCC_WARN_ABOUT_MISSING_PROTOTYPES = YES;
				GCC_WARN_ABOUT_RETURN_TYPE = YES;
				GCC_WARN_INITIALIZER_NOT_FULLY_BRACKETED = YES;
				GCC_WARN_MULTIPLE_DEFINITION_TYPES_FOR_SELECTOR = YES;
				GCC_WARN_SHADOW = YES;
				GCC_WARN_SIGN_COMPARE = YES;
				GCC_WARN_UNINITIALIZED_AUTOS = YES;
				GCC_WARN_UNKNOWN_PRAGMAS = YES;
				GCC_WARN_UNUSED_FUNCTION = YES;
				GCC_WARN_UNUSED_LABEL = YES;
				GCC_WARN_UNUSED_PARAMETER = YES;
				GCC_WARN_UNUSED_VARIABLE = YES;
				IPHONEOS_DEPLOYMENT_TARGET = 5.1;
				SDKROOT = iphoneos;
				VALIDATE_PRODUCT = YES;
			};
			name = Release;
		};
		1E0289E5144EF32200B6B6D5 /* Debug */ = {
			isa = XCBuildConfiguration;
			buildSettings = {
				CLANG_ANALYZER_SECURITY_FLOATLOOPCOUNTER = YES;
				CLANG_ANALYZER_SECURITY_INSECUREAPI_RAND = YES;
				CLANG_ANALYZER_SECURITY_INSECUREAPI_STRCPY = YES;
				CLANG_WARN_DEPRECATED_OBJC_IMPLEMENTATIONS = YES;
				CLANG_WARN_EMPTY_BODY = YES;
				CLANG_WARN_IMPLICIT_SIGN_CONVERSION = YES;
				CLANG_WARN_OBJC_IMPLICIT_ATOMIC_PROPERTIES = YES;
				CLANG_WARN_SUSPICIOUS_IMPLICIT_CONVERSION = YES;
				DSTROOT = /tmp/NYXImagesUtilities.dst;
				GCC_PRECOMPILE_PREFIX_HEADER = YES;
				GCC_PREFIX_HEADER = "Other Sources/Prefix.pch";
				GCC_TREAT_IMPLICIT_FUNCTION_DECLARATIONS_AS_ERRORS = YES;
				GCC_TREAT_INCOMPATIBLE_POINTER_TYPE_WARNINGS_AS_ERRORS = YES;
				GCC_TREAT_WARNINGS_AS_ERRORS = YES;
				GCC_VERSION = "";
				GCC_WARN_64_TO_32_BIT_CONVERSION = YES;
				GCC_WARN_ABOUT_MISSING_FIELD_INITIALIZERS = YES;
				GCC_WARN_ABOUT_MISSING_NEWLINE = YES;
				GCC_WARN_FOUR_CHARACTER_CONSTANTS = YES;
				GCC_WARN_INHIBIT_ALL_WARNINGS = NO;
				GCC_WARN_INITIALIZER_NOT_FULLY_BRACKETED = YES;
				GCC_WARN_MULTIPLE_DEFINITION_TYPES_FOR_SELECTOR = YES;
				GCC_WARN_PEDANTIC = YES;
				GCC_WARN_SHADOW = YES;
				GCC_WARN_SIGN_COMPARE = YES;
				GCC_WARN_STRICT_SELECTOR_MATCH = YES;
				GCC_WARN_UNDECLARED_SELECTOR = YES;
				GCC_WARN_UNINITIALIZED_AUTOS = YES;
				GCC_WARN_UNKNOWN_PRAGMAS = YES;
				GCC_WARN_UNUSED_FUNCTION = YES;
				GCC_WARN_UNUSED_LABEL = YES;
				GCC_WARN_UNUSED_PARAMETER = YES;
				IPHONEOS_DEPLOYMENT_TARGET = 5.1;
				OTHER_LDFLAGS = "-ObjC";
				PRODUCT_NAME = NYXImagesKit;
				PUBLIC_HEADERS_FOLDER_PATH = "include/$(TARGET_NAME)";
				RUN_CLANG_STATIC_ANALYZER = YES;
				SCAN_ALL_SOURCE_FILES_FOR_INCLUDES = YES;
				SKIP_INSTALL = YES;
			};
			name = Debug;
		};
		1E0289E6144EF32200B6B6D5 /* Release */ = {
			isa = XCBuildConfiguration;
			buildSettings = {
				CLANG_ANALYZER_SECURITY_FLOATLOOPCOUNTER = YES;
				CLANG_ANALYZER_SECURITY_INSECUREAPI_RAND = YES;
				CLANG_ANALYZER_SECURITY_INSECUREAPI_STRCPY = YES;
				CLANG_WARN_DEPRECATED_OBJC_IMPLEMENTATIONS = YES;
				CLANG_WARN_EMPTY_BODY = YES;
				CLANG_WARN_IMPLICIT_SIGN_CONVERSION = YES;
				CLANG_WARN_OBJC_IMPLICIT_ATOMIC_PROPERTIES = YES;
				CLANG_WARN_SUSPICIOUS_IMPLICIT_CONVERSION = YES;
				DSTROOT = /tmp/NYXImagesUtilities.dst;
				GCC_PRECOMPILE_PREFIX_HEADER = YES;
				GCC_PREFIX_HEADER = "Other Sources/Prefix.pch";
				GCC_TREAT_IMPLICIT_FUNCTION_DECLARATIONS_AS_ERRORS = YES;
				GCC_TREAT_INCOMPATIBLE_POINTER_TYPE_WARNINGS_AS_ERRORS = YES;
				GCC_TREAT_WARNINGS_AS_ERRORS = YES;
				GCC_VERSION = "";
				GCC_WARN_64_TO_32_BIT_CONVERSION = YES;
				GCC_WARN_ABOUT_MISSING_FIELD_INITIALIZERS = YES;
				GCC_WARN_ABOUT_MISSING_NEWLINE = YES;
				GCC_WARN_FOUR_CHARACTER_CONSTANTS = YES;
				GCC_WARN_INHIBIT_ALL_WARNINGS = NO;
				GCC_WARN_INITIALIZER_NOT_FULLY_BRACKETED = YES;
				GCC_WARN_MULTIPLE_DEFINITION_TYPES_FOR_SELECTOR = YES;
				GCC_WARN_PEDANTIC = YES;
				GCC_WARN_SHADOW = YES;
				GCC_WARN_SIGN_COMPARE = YES;
				GCC_WARN_STRICT_SELECTOR_MATCH = YES;
				GCC_WARN_UNDECLARED_SELECTOR = YES;
				GCC_WARN_UNINITIALIZED_AUTOS = YES;
				GCC_WARN_UNKNOWN_PRAGMAS = YES;
				GCC_WARN_UNUSED_FUNCTION = YES;
				GCC_WARN_UNUSED_LABEL = YES;
				GCC_WARN_UNUSED_PARAMETER = YES;
				IPHONEOS_DEPLOYMENT_TARGET = 5.1;
				OTHER_LDFLAGS = "-ObjC";
				PRODUCT_NAME = NYXImagesKit;
				PUBLIC_HEADERS_FOLDER_PATH = "include/$(TARGET_NAME)";
				RUN_CLANG_STATIC_ANALYZER = YES;
				SCAN_ALL_SOURCE_FILES_FOR_INCLUDES = YES;
				SKIP_INSTALL = YES;
			};
			name = Release;
		};
/* End XCBuildConfiguration section */

/* Begin XCConfigurationList section */
		1E0289D1144EF32200B6B6D5 /* Build configuration list for PBXProject "NYXImagesKit" */ = {
			isa = XCConfigurationList;
			buildConfigurations = (
				1E0289E2144EF32200B6B6D5 /* Debug */,
				1E0289E3144EF32200B6B6D5 /* Release */,
			);
			defaultConfigurationIsVisible = 0;
			defaultConfigurationName = Release;
		};
		1E0289E4144EF32200B6B6D5 /* Build configuration list for PBXNativeTarget "NYXImagesKit" */ = {
			isa = XCConfigurationList;
			buildConfigurations = (
				1E0289E5144EF32200B6B6D5 /* Debug */,
				1E0289E6144EF32200B6B6D5 /* Release */,
			);
			defaultConfigurationIsVisible = 0;
			defaultConfigurationName = Release;
		};
/* End XCConfigurationList section */
	};
	rootObject = 1E0289CE144EF32200B6B6D5 /* Project object */;
}
