// !$*UTF8*$!
{
	archiveVersion = 1;
	classes = {
	};
	objectVersion = 46;
	objects = {

/* Begin PBXBuildFile section */
		1E16763C1373215A00F953C5 /* UIImage+Filtering.m in Sources */ = {isa = PBXBuildFile; fileRef = 1E1676351373215A00F953C5 /* UIImage+Filtering.m */; };
		1E16763D1373215A00F953C5 /* UIImage+Masking.m in Sources */ = {isa = PBXBuildFile; fileRef = 1E1676371373215A00F953C5 /* UIImage+Masking.m */; };
		1E16763E1373215A00F953C5 /* UIImage+Resizing.m in Sources */ = {isa = PBXBuildFile; fileRef = 1E1676391373215A00F953C5 /* UIImage+Resizing.m */; };
		1E16763F1373215A00F953C5 /* UIImage+Rotating.m in Sources */ = {isa = PBXBuildFile; fileRef = 1E16763B1373215A00F953C5 /* UIImage+Rotating.m */; };
		39C9179813981C210045489C /* NYXImagesHelper.m in Sources */ = {isa = PBXBuildFile; fileRef = 39C9179713981C210045489C /* NYXImagesHelper.m */; };
		FC2F3180136ECA8500486142 /* UIKit.framework in Frameworks */ = {isa = PBXBuildFile; fileRef = FC2F317F136ECA8500486142 /* UIKit.framework */; };
		FC2F3182136ECA8500486142 /* Foundation.framework in Frameworks */ = {isa = PBXBuildFile; fileRef = FC2F3181136ECA8500486142 /* Foundation.framework */; };
		FC2F3184136ECA8500486142 /* CoreGraphics.framework in Frameworks */ = {isa = PBXBuildFile; fileRef = FC2F3183136ECA8500486142 /* CoreGraphics.framework */; };
		FC2F319D136ECBAC00486142 /* ImageIO.framework in Frameworks */ = {isa = PBXBuildFile; fileRef = FC2F319B136ECBAC00486142 /* ImageIO.framework */; };
		FC2F319E136ECBAC00486142 /* QuartzCore.framework in Frameworks */ = {isa = PBXBuildFile; fileRef = FC2F319C136ECBAC00486142 /* QuartzCore.framework */; };
		FC2F31AD136ECC6400486142 /* main.m in Sources */ = {isa = PBXBuildFile; fileRef = FC2F31AB136ECC6400486142 /* main.m */; };
		FC2F31B2136ECC6D00486142 /* AppDelegate.m in Sources */ = {isa = PBXBuildFile; fileRef = FC2F31AF136ECC6D00486142 /* AppDelegate.m */; };
		FC2F31B3136ECC6D00486142 /* NYXRootViewController.m in Sources */ = {isa = PBXBuildFile; fileRef = FC2F31B1136ECC6D00486142 /* NYXRootViewController.m */; };
		FC312599137000A10097007F /* mask.png in Resources */ = {isa = PBXBuildFile; fileRef = FC312598137000A10097007F /* mask.png */; };
		FC446F1D136ED1F400D3BE2D /* sample.jpg in Resources */ = {isa = PBXBuildFile; fileRef = FC446F1B136ED1F400D3BE2D /* sample.jpg */; };
		FC446F1E136ED1F400D3BE2D /* sample.png in Resources */ = {isa = PBXBuildFile; fileRef = FC446F1C136ED1F400D3BE2D /* sample.png */; };
/* End PBXBuildFile section */

/* Begin PBXFileReference section */
		1E1676341373215A00F953C5 /* UIImage+Filtering.h */ = {isa = PBXFileReference; fileEncoding = 4; lastKnownFileType = sourcecode.c.h; path = "UIImage+Filtering.h"; sourceTree = "<group>"; };
		1E1676351373215A00F953C5 /* UIImage+Filtering.m */ = {isa = PBXFileReference; fileEncoding = 4; lastKnownFileType = sourcecode.c.objc; path = "UIImage+Filtering.m"; sourceTree = "<group>"; };
		1E1676361373215A00F953C5 /* UIImage+Masking.h */ = {isa = PBXFileReference; fileEncoding = 4; lastKnownFileType = sourcecode.c.h; path = "UIImage+Masking.h"; sourceTree = "<group>"; };
		1E1676371373215A00F953C5 /* UIImage+Masking.m */ = {isa = PBXFileReference; fileEncoding = 4; lastKnownFileType = sourcecode.c.objc; path = "UIImage+Masking.m"; sourceTree = "<group>"; };
		1E1676381373215A00F953C5 /* UIImage+Resizing.h */ = {isa = PBXFileReference; fileEncoding = 4; lastKnownFileType = sourcecode.c.h; path = "UIImage+Resizing.h"; sourceTree = "<group>"; };
		1E1676391373215A00F953C5 /* UIImage+Resizing.m */ = {isa = PBXFileReference; fileEncoding = 4; lastKnownFileType = sourcecode.c.objc; path = "UIImage+Resizing.m"; sourceTree = "<group>"; };
		1E16763A1373215A00F953C5 /* UIImage+Rotating.h */ = {isa = PBXFileReference; fileEncoding = 4; lastKnownFileType = sourcecode.c.h; path = "UIImage+Rotating.h"; sourceTree = "<group>"; };
		1E16763B1373215A00F953C5 /* UIImage+Rotating.m */ = {isa = PBXFileReference; fileEncoding = 4; lastKnownFileType = sourcecode.c.objc; path = "UIImage+Rotating.m"; sourceTree = "<group>"; };
		39C9179613981C210045489C /* NYXImagesHelper.h */ = {isa = PBXFileReference; fileEncoding = 4; lastKnownFileType = sourcecode.c.h; path = NYXImagesHelper.h; sourceTree = "<group>"; };
		39C9179713981C210045489C /* NYXImagesHelper.m */ = {isa = PBXFileReference; fileEncoding = 4; lastKnownFileType = sourcecode.c.objc; path = NYXImagesHelper.m; sourceTree = "<group>"; };
		FC2F317B136ECA8500486142 /* NYXImagesUtilities.app */ = {isa = PBXFileReference; explicitFileType = wrapper.application; includeInIndex = 0; path = NYXImagesUtilities.app; sourceTree = BUILT_PRODUCTS_DIR; };
		FC2F317F136ECA8500486142 /* UIKit.framework */ = {isa = PBXFileReference; lastKnownFileType = wrapper.framework; name = UIKit.framework; path = System/Library/Frameworks/UIKit.framework; sourceTree = SDKROOT; };
		FC2F3181136ECA8500486142 /* Foundation.framework */ = {isa = PBXFileReference; lastKnownFileType = wrapper.framework; name = Foundation.framework; path = System/Library/Frameworks/Foundation.framework; sourceTree = SDKROOT; };
		FC2F3183136ECA8500486142 /* CoreGraphics.framework */ = {isa = PBXFileReference; lastKnownFileType = wrapper.framework; name = CoreGraphics.framework; path = System/Library/Frameworks/CoreGraphics.framework; sourceTree = SDKROOT; };
		FC2F319B136ECBAC00486142 /* ImageIO.framework */ = {isa = PBXFileReference; lastKnownFileType = wrapper.framework; name = ImageIO.framework; path = System/Library/Frameworks/ImageIO.framework; sourceTree = SDKROOT; };
		FC2F319C136ECBAC00486142 /* QuartzCore.framework */ = {isa = PBXFileReference; lastKnownFileType = wrapper.framework; name = QuartzCore.framework; path = System/Library/Frameworks/QuartzCore.framework; sourceTree = SDKROOT; };
		FC2F31A9136ECC5A00486142 /* Info.plist */ = {isa = PBXFileReference; fileEncoding = 4; lastKnownFileType = text.plist.xml; name = Info.plist; path = Resources/Info.plist; sourceTree = "<group>"; };
		FC2F31AB136ECC6400486142 /* main.m */ = {isa = PBXFileReference; fileEncoding = 4; lastKnownFileType = sourcecode.c.objc; name = main.m; path = "Other Sources/main.m"; sourceTree = "<group>"; };
		FC2F31AC136ECC6400486142 /* Prefix.pch */ = {isa = PBXFileReference; fileEncoding = 4; lastKnownFileType = sourcecode.c.h; name = Prefix.pch; path = "Other Sources/Prefix.pch"; sourceTree = "<group>"; };
		FC2F31AE136ECC6D00486142 /* AppDelegate.h */ = {isa = PBXFileReference; fileEncoding = 4; lastKnownFileType = sourcecode.c.h; name = AppDelegate.h; path = Classes/AppDelegate.h; sourceTree = "<group>"; };
		FC2F31AF136ECC6D00486142 /* AppDelegate.m */ = {isa = PBXFileReference; fileEncoding = 4; lastKnownFileType = sourcecode.c.objc; name = AppDelegate.m; path = Classes/AppDelegate.m; sourceTree = "<group>"; };
		FC2F31B0136ECC6D00486142 /* NYXRootViewController.h */ = {isa = PBXFileReference; fileEncoding = 4; lastKnownFileType = sourcecode.c.h; name = NYXRootViewController.h; path = Classes/NYXRootViewController.h; sourceTree = "<group>"; };
		FC2F31B1136ECC6D00486142 /* NYXRootViewController.m */ = {isa = PBXFileReference; fileEncoding = 4; lastKnownFileType = sourcecode.c.objc; name = NYXRootViewController.m; path = Classes/NYXRootViewController.m; sourceTree = "<group>"; };
		FC2F31C3136ECD5200486142 /* NYXImagesUtilities.h */ = {isa = PBXFileReference; fileEncoding = 4; lastKnownFileType = sourcecode.c.h; name = NYXImagesUtilities.h; path = "Other Sources/NYXImagesUtilities.h"; sourceTree = "<group>"; };
		FC312598137000A10097007F /* mask.png */ = {isa = PBXFileReference; lastKnownFileType = image.png; name = mask.png; path = Resources/mask.png; sourceTree = "<group>"; };
		FC446F1B136ED1F400D3BE2D /* sample.jpg */ = {isa = PBXFileReference; lastKnownFileType = image.jpeg; name = sample.jpg; path = Resources/sample.jpg; sourceTree = "<group>"; };
		FC446F1C136ED1F400D3BE2D /* sample.png */ = {isa = PBXFileReference; lastKnownFileType = image.png; name = sample.png; path = Resources/sample.png; sourceTree = "<group>"; };
/* End PBXFileReference section */

/* Begin PBXFrameworksBuildPhase section */
		FC2F3178136ECA8500486142 /* Frameworks */ = {
			isa = PBXFrameworksBuildPhase;
			buildActionMask = 2147483647;
			files = (
				FC2F319D136ECBAC00486142 /* ImageIO.framework in Frameworks */,
				FC2F319E136ECBAC00486142 /* QuartzCore.framework in Frameworks */,
				FC2F3180136ECA8500486142 /* UIKit.framework in Frameworks */,
				FC2F3182136ECA8500486142 /* Foundation.framework in Frameworks */,
				FC2F3184136ECA8500486142 /* CoreGraphics.framework in Frameworks */,
			);
			runOnlyForDeploymentPostprocessing = 0;
		};
/* End PBXFrameworksBuildPhase section */

/* Begin PBXGroup section */
		1E1676331373215A00F953C5 /* Categories */ = {
			isa = PBXGroup;
			children = (
				1E1676341373215A00F953C5 /* UIImage+Filtering.h */,
				1E1676351373215A00F953C5 /* UIImage+Filtering.m */,
				1E1676361373215A00F953C5 /* UIImage+Masking.h */,
				1E1676371373215A00F953C5 /* UIImage+Masking.m */,
				1E1676381373215A00F953C5 /* UIImage+Resizing.h */,
				1E1676391373215A00F953C5 /* UIImage+Resizing.m */,
				1E16763A1373215A00F953C5 /* UIImage+Rotating.h */,
				1E16763B1373215A00F953C5 /* UIImage+Rotating.m */,
			);
			path = Categories;
			sourceTree = "<group>";
		};
		FC2F3170136ECA8500486142 = {
			isa = PBXGroup;
			children = (
				FC2F3199136ECB5600486142 /* Classes */,
				1E1676331373215A00F953C5 /* Categories */,
				FC2F319A136ECB6400486142 /* Other Sources */,
				FC2F319F136ECBCD00486142 /* Resources */,
				FC2F317E136ECA8500486142 /* Frameworks */,
				FC2F317C136ECA8500486142 /* Products */,
			);
			sourceTree = "<group>";
		};
		FC2F317C136ECA8500486142 /* Products */ = {
			isa = PBXGroup;
			children = (
				FC2F317B136ECA8500486142 /* NYXImagesUtilities.app */,
			);
			name = Products;
			sourceTree = "<group>";
		};
		FC2F317E136ECA8500486142 /* Frameworks */ = {
			isa = PBXGroup;
			children = (
				FC2F319B136ECBAC00486142 /* ImageIO.framework */,
				FC2F319C136ECBAC00486142 /* QuartzCore.framework */,
				FC2F317F136ECA8500486142 /* UIKit.framework */,
				FC2F3181136ECA8500486142 /* Foundation.framework */,
				FC2F3183136ECA8500486142 /* CoreGraphics.framework */,
			);
			name = Frameworks;
			sourceTree = "<group>";
		};
		FC2F3199136ECB5600486142 /* Classes */ = {
			isa = PBXGroup;
			children = (
				FC2F31AE136ECC6D00486142 /* AppDelegate.h */,
				FC2F31AF136ECC6D00486142 /* AppDelegate.m */,
				FC2F31B0136ECC6D00486142 /* NYXRootViewController.h */,
				FC2F31B1136ECC6D00486142 /* NYXRootViewController.m */,
			);
			name = Classes;
			sourceTree = "<group>";
		};
		FC2F319A136ECB6400486142 /* Other Sources */ = {
			isa = PBXGroup;
			children = (
				39C9179613981C210045489C /* NYXImagesHelper.h */,
				39C9179713981C210045489C /* NYXImagesHelper.m */,
				FC2F31C3136ECD5200486142 /* NYXImagesUtilities.h */,
				FC2F31AB136ECC6400486142 /* main.m */,
				FC2F31AC136ECC6400486142 /* Prefix.pch */,
			);
			name = "Other Sources";
			sourceTree = "<group>";
		};
		FC2F319F136ECBCD00486142 /* Resources */ = {
			isa = PBXGroup;
			children = (
				FC312598137000A10097007F /* mask.png */,
				FC446F1B136ED1F400D3BE2D /* sample.jpg */,
				FC446F1C136ED1F400D3BE2D /* sample.png */,
				FC2F31A9136ECC5A00486142 /* Info.plist */,
			);
			name = Resources;
			sourceTree = "<group>";
		};
/* End PBXGroup section */

/* Begin PBXNativeTarget section */
		FC2F317A136ECA8500486142 /* NYXImagesUtilities */ = {
			isa = PBXNativeTarget;
			buildConfigurationList = FC2F3196136ECA8500486142 /* Build configuration list for PBXNativeTarget "NYXImagesUtilities" */;
			buildPhases = (
				FC2F3177136ECA8500486142 /* Sources */,
				FC2F3178136ECA8500486142 /* Frameworks */,
				FC2F3179136ECA8500486142 /* Resources */,
			);
			buildRules = (
			);
			dependencies = (
			);
			name = NYXImagesUtilities;
			productName = NYXImagesUtilities;
			productReference = FC2F317B136ECA8500486142 /* NYXImagesUtilities.app */;
			productType = "com.apple.product-type.application";
		};
/* End PBXNativeTarget section */

/* Begin PBXProject section */
		FC2F3172136ECA8500486142 /* Project object */ = {
			isa = PBXProject;
			buildConfigurationList = FC2F3175136ECA8500486142 /* Build configuration list for PBXProject "NYXImagesUtilities" */;
			compatibilityVersion = "Xcode 3.2";
			developmentRegion = English;
			hasScannedForEncodings = 0;
			knownRegions = (
				en,
			);
			mainGroup = FC2F3170136ECA8500486142;
			productRefGroup = FC2F317C136ECA8500486142 /* Products */;
			projectDirPath = "";
			projectRoot = "";
			targets = (
				FC2F317A136ECA8500486142 /* NYXImagesUtilities */,
			);
		};
/* End PBXProject section */

/* Begin PBXResourcesBuildPhase section */
		FC2F3179136ECA8500486142 /* Resources */ = {
			isa = PBXResourcesBuildPhase;
			buildActionMask = 2147483647;
			files = (
				FC446F1D136ED1F400D3BE2D /* sample.jpg in Resources */,
				FC446F1E136ED1F400D3BE2D /* sample.png in Resources */,
				FC312599137000A10097007F /* mask.png in Resources */,
			);
			runOnlyForDeploymentPostprocessing = 0;
		};
/* End PBXResourcesBuildPhase section */

/* Begin PBXSourcesBuildPhase section */
		FC2F3177136ECA8500486142 /* Sources */ = {
			isa = PBXSourcesBuildPhase;
			buildActionMask = 2147483647;
			files = (
				FC2F31AD136ECC6400486142 /* main.m in Sources */,
				FC2F31B2136ECC6D00486142 /* AppDelegate.m in Sources */,
				FC2F31B3136ECC6D00486142 /* NYXRootViewController.m in Sources */,
				1E16763C1373215A00F953C5 /* UIImage+Filtering.m in Sources */,
				1E16763D1373215A00F953C5 /* UIImage+Masking.m in Sources */,
				1E16763E1373215A00F953C5 /* UIImage+Resizing.m in Sources */,
				1E16763F1373215A00F953C5 /* UIImage+Rotating.m in Sources */,
				39C9179813981C210045489C /* NYXImagesHelper.m in Sources */,
			);
			runOnlyForDeploymentPostprocessing = 0;
		};
/* End PBXSourcesBuildPhase section */

/* Begin XCBuildConfiguration section */
		FC2F3194136ECA8500486142 /* Debug */ = {
			isa = XCBuildConfiguration;
			buildSettings = {
				ARCHS = "$(ARCHS_STANDARD_32_BIT)";
				"CODE_SIGN_IDENTITY[sdk=iphoneos*]" = "iPhone Developer";
				GCC_C_LANGUAGE_STANDARD = gnu99;
				GCC_OPTIMIZATION_LEVEL = 0;
				GCC_PREPROCESSOR_DEFINITIONS = DEBUG;
				GCC_SYMBOLS_PRIVATE_EXTERN = NO;
				GCC_VERSION = com.apple.compilers.llvm.clang.1_0;
				GCC_WARN_64_TO_32_BIT_CONVERSION = YES;
				GCC_WARN_ABOUT_MISSING_FIELD_INITIALIZERS = YES;
				GCC_WARN_ABOUT_MISSING_NEWLINE = YES;
				GCC_WARN_ABOUT_MISSING_PROTOTYPES = YES;
				GCC_WARN_ABOUT_RETURN_TYPE = YES;
				GCC_WARN_FOUR_CHARACTER_CONSTANTS = YES;
				GCC_WARN_INITIALIZER_NOT_FULLY_BRACKETED = YES;
				GCC_WARN_SHADOW = YES;
				GCC_WARN_SIGN_COMPARE = YES;
				GCC_WARN_STRICT_SELECTOR_MATCH = YES;
				GCC_WARN_UNDECLARED_SELECTOR = YES;
				GCC_WARN_UNUSED_LABEL = YES;
				GCC_WARN_UNUSED_VARIABLE = YES;
				IPHONEOS_DEPLOYMENT_TARGET = 4.0;
				RUN_CLANG_STATIC_ANALYZER = YES;
				SCAN_ALL_SOURCE_FILES_FOR_INCLUDES = YES;
				SDKROOT = iphoneos;
			};
			name = Debug;
		};
		FC2F3195136ECA8500486142 /* Release */ = {
			isa = XCBuildConfiguration;
			buildSettings = {
				ARCHS = "$(ARCHS_STANDARD_32_BIT)";
				"CODE_SIGN_IDENTITY[sdk=iphoneos*]" = "iPhone Developer";
				GCC_C_LANGUAGE_STANDARD = gnu99;
				GCC_VERSION = com.apple.compilers.llvm.clang.1_0;
				GCC_WARN_64_TO_32_BIT_CONVERSION = YES;
				GCC_WARN_ABOUT_MISSING_FIELD_INITIALIZERS = YES;
				GCC_WARN_ABOUT_MISSING_NEWLINE = YES;
				GCC_WARN_ABOUT_MISSING_PROTOTYPES = YES;
				GCC_WARN_ABOUT_RETURN_TYPE = YES;
				GCC_WARN_FOUR_CHARACTER_CONSTANTS = YES;
				GCC_WARN_INITIALIZER_NOT_FULLY_BRACKETED = YES;
				GCC_WARN_SHADOW = YES;
				GCC_WARN_SIGN_COMPARE = YES;
				GCC_WARN_STRICT_SELECTOR_MATCH = YES;
				GCC_WARN_UNDECLARED_SELECTOR = YES;
				GCC_WARN_UNUSED_LABEL = YES;
				GCC_WARN_UNUSED_VARIABLE = YES;
				IPHONEOS_DEPLOYMENT_TARGET = 4.0;
				OTHER_CFLAGS = "-DNS_BLOCK_ASSERTIONS=1";
				RUN_CLANG_STATIC_ANALYZER = YES;
				SCAN_ALL_SOURCE_FILES_FOR_INCLUDES = YES;
				SDKROOT = iphoneos;
			};
			name = Release;
		};
		FC2F3197136ECA8500486142 /* Debug */ = {
			isa = XCBuildConfiguration;
			buildSettings = {
				ALWAYS_SEARCH_USER_PATHS = NO;
				COPY_PHASE_STRIP = NO;
				GCC_DYNAMIC_NO_PIC = NO;
				GCC_PRECOMPILE_PREFIX_HEADER = YES;
				GCC_PREFIX_HEADER = "Other Sources/Prefix.pch";
				INFOPLIST_FILE = Resources/Info.plist;
				PRODUCT_NAME = "$(TARGET_NAME)";
				WRAPPER_EXTENSION = app;
			};
			name = Debug;
		};
		FC2F3198136ECA8500486142 /* Release */ = {
			isa = XCBuildConfiguration;
			buildSettings = {
				ALWAYS_SEARCH_USER_PATHS = NO;
				COPY_PHASE_STRIP = YES;
				GCC_PRECOMPILE_PREFIX_HEADER = YES;
				GCC_PREFIX_HEADER = "Other Sources/Prefix.pch";
				INFOPLIST_FILE = Resources/Info.plist;
				PRODUCT_NAME = "$(TARGET_NAME)";
				VALIDATE_PRODUCT = YES;
				WRAPPER_EXTENSION = app;
			};
			name = Release;
		};
/* End XCBuildConfiguration section */

/* Begin XCConfigurationList section */
		FC2F3175136ECA8500486142 /* Build configuration list for PBXProject "NYXImagesUtilities" */ = {
			isa = XCConfigurationList;
			buildConfigurations = (
				FC2F3194136ECA8500486142 /* Debug */,
				FC2F3195136ECA8500486142 /* Release */,
			);
			defaultConfigurationIsVisible = 0;
			defaultConfigurationName = Release;
		};
		FC2F3196136ECA8500486142 /* Build configuration list for PBXNativeTarget "NYXImagesUtilities" */ = {
			isa = XCConfigurationList;
			buildConfigurations = (
				FC2F3197136ECA8500486142 /* Debug */,
				FC2F3198136ECA8500486142 /* Release */,
			);
			defaultConfigurationIsVisible = 0;
			defaultConfigurationName = Release;
		};
/* End XCConfigurationList section */
	};
	rootObject = FC2F3172136ECA8500486142 /* Project object */;
}
